
Microsoft Visual Studio Solution File, Format Version 12.00
# Visual Studio 14
VisualStudioVersion = 14.0.25420.1
MinimumVisualStudioVersion = 10.0.40219.1
Project("{2150E333-8FDC-42A3-9474-1A3956D46DE8}") = "src", "src", "{DA36A04E-554D-40C9-8337-D72BA9693BC2}"
EndProject
Project("{2150E333-8FDC-42A3-9474-1A3956D46DE8}") = "demo", "demo", "{094003A7-6137-457B-9A34-C0FB29F5049E}"
EndProject
Project("{2150E333-8FDC-42A3-9474-1A3956D46DE8}") = "test", "test", "{6EBA2903-70A2-451B-94FF-482BFD4B6622}"
EndProject
Project("{8BB2217D-0F2D-49D1-97BC-3654ED321F3B}") = "Randy.FrameworkCore", "src\Randy.FrameworkCore\Randy.FrameworkCore.xproj", "{04F00774-59C6-45A0-BC2E-EC1C21646735}"
EndProject
Project("{8BB2217D-0F2D-49D1-97BC-3654ED321F3B}") = "Randy.Test", "test\Randy.Test.xproj", "{8D027FB9-829D-4CE7-A50C-DAC6AA13AB58}"
EndProject
Project("{8BB2217D-0F2D-49D1-97BC-3654ED321F3B}") = "Randy.DomainCore", "src\Randy.DomainCore\Randy.DomainCore.xproj", "{CE1E6ED5-CFC0-430A-AAA9-EA70B4E9FA64}"
EndProject
Project("{8BB2217D-0F2D-49D1-97BC-3654ED321F3B}") = "Randy.Infrastructure", "src\Randy.Infrastructure\Randy.Infrastructure.xproj", "{30CE90CD-3C36-43DC-87BC-EB5372592D09}"
EndProject
Project("{8BB2217D-0F2D-49D1-97BC-3654ED321F3B}") = "Randy.Api", "src\Randy.Api\Randy.Api.xproj", "{F2255F94-ED32-42BE-BF6F-FF8560DBF884}"
EndProject
Global
	GlobalSection(SolutionConfigurationPlatforms) = preSolution
		Debug|Any CPU = Debug|Any CPU
		Release|Any CPU = Release|Any CPU
	EndGlobalSection
	GlobalSection(ProjectConfigurationPlatforms) = postSolution
		{04F00774-59C6-45A0-BC2E-EC1C21646735}.Debug|Any CPU.ActiveCfg = Debug|Any CPU
		{04F00774-59C6-45A0-BC2E-EC1C21646735}.Debug|Any CPU.Build.0 = Debug|Any CPU
		{04F00774-59C6-45A0-BC2E-EC1C21646735}.Release|Any CPU.ActiveCfg = Release|Any CPU
		{04F00774-59C6-45A0-BC2E-EC1C21646735}.Release|Any CPU.Build.0 = Release|Any CPU
		{8D027FB9-829D-4CE7-A50C-DAC6AA13AB58}.Debug|Any CPU.ActiveCfg = Debug|Any CPU
		{8D027FB9-829D-4CE7-A50C-DAC6AA13AB58}.Debug|Any CPU.Build.0 = Debug|Any CPU
		{8D027FB9-829D-4CE7-A50C-DAC6AA13AB58}.Release|Any CPU.ActiveCfg = Release|Any CPU
		{8D027FB9-829D-4CE7-A50C-DAC6AA13AB58}.Release|Any CPU.Build.0 = Release|Any CPU
		{CE1E6ED5-CFC0-430A-AAA9-EA70B4E9FA64}.Debug|Any CPU.ActiveCfg = Debug|Any CPU
		{CE1E6ED5-CFC0-430A-AAA9-EA70B4E9FA64}.Debug|Any CPU.Build.0 = Debug|Any CPU
		{CE1E6ED5-CFC0-430A-AAA9-EA70B4E9FA64}.Release|Any CPU.ActiveCfg = Release|Any CPU
		{CE1E6ED5-CFC0-430A-AAA9-EA70B4E9FA64}.Release|Any CPU.Build.0 = Release|Any CPU
		{30CE90CD-3C36-43DC-87BC-EB5372592D09}.Debug|Any CPU.ActiveCfg = Debug|Any CPU
		{30CE90CD-3C36-43DC-87BC-EB5372592D09}.Debug|Any CPU.Build.0 = Debug|Any CPU
		{30CE90CD-3C36-43DC-87BC-EB5372592D09}.Release|Any CPU.ActiveCfg = Release|Any CPU
		{30CE90CD-3C36-43DC-87BC-EB5372592D09}.Release|Any CPU.Build.0 = Release|Any CPU
		{F2255F94-ED32-42BE-BF6F-FF8560DBF884}.Debug|Any CPU.ActiveCfg = Debug|Any CPU
		{F2255F94-ED32-42BE-BF6F-FF8560DBF884}.Debug|Any CPU.Build.0 = Debug|Any CPU
		{F2255F94-ED32-42BE-BF6F-FF8560DBF884}.Release|Any CPU.ActiveCfg = Release|Any CPU
		{F2255F94-ED32-42BE-BF6F-FF8560DBF884}.Release|Any CPU.Build.0 = Release|Any CPU
	EndGlobalSection
	GlobalSection(SolutionProperties) = preSolution
		HideSolutionNode = FALSE
	EndGlobalSection
	GlobalSection(NestedProjects) = preSolution
		{04F00774-59C6-45A0-BC2E-EC1C21646735} = {DA36A04E-554D-40C9-8337-D72BA9693BC2}
		{8D027FB9-829D-4CE7-A50C-DAC6AA13AB58} = {6EBA2903-70A2-451B-94FF-482BFD4B6622}
		{CE1E6ED5-CFC0-430A-AAA9-EA70B4E9FA64} = {094003A7-6137-457B-9A34-C0FB29F5049E}
		{30CE90CD-3C36-43DC-87BC-EB5372592D09} = {094003A7-6137-457B-9A34-C0FB29F5049E}
		{F2255F94-ED32-42BE-BF6F-FF8560DBF884} = {094003A7-6137-457B-9A34-C0FB29F5049E}
	EndGlobalSection
EndGlobal
